
Microsoft Visual Studio Solution File, Format Version 12.00
# Visual Studio Version 17
VisualStudioVersion = 17.2.32616.157
MinimumVisualStudioVersion = 10.0.40219.1
Project("{9A19103F-16F7-4668-BE54-9A1E7A4F7556}") = "MasterChef.Infra.Sqlite", "src\MasterChef.Infra.Sqlite\MasterChef.Infra.Sqlite.csproj", "{7D3CCBCA-919A-4CDC-8F04-376DE69E313A}"
EndProject
Project("{9A19103F-16F7-4668-BE54-9A1E7A4F7556}") = "MasterChef.Infra.Postgres", "src\MasterChef.Infra.Postgres\MasterChef.Infra.Postgres.csproj", "{904D500C-4ACF-43CF-87F5-B169DA1365F2}"
EndProject
Project("{9A19103F-16F7-4668-BE54-9A1E7A4F7556}") = "MasterChef.Infra", "src\MasterChef.Infra\MasterChef.Infra.csproj", "{AEDABD78-B33E-44A7-8E10-34D9C94731E2}"
EndProject
Project("{9A19103F-16F7-4668-BE54-9A1E7A4F7556}") = "MasterChef.Domain", "src\MasterChef.Domain\MasterChef.Domain.csproj", "{AE4AF607-EB4D-4477-86DD-A2F88755F7BD}"
EndProject
Project("{9A19103F-16F7-4668-BE54-9A1E7A4F7556}") = "MasterChef.Application", "src\MasterChef.Application\MasterChef.Application.csproj", "{99E524CB-AE47-4589-8D99-61DF324C7B3E}"
EndProject
Project("{9A19103F-16F7-4668-BE54-9A1E7A4F7556}") = "MasterChef.Api", "src\MasterChef.Api\MasterChef.Api.csproj", "{B4FE0A20-C926-42DB-9AC2-50E5A9B5A823}"
EndProject
Project("{9A19103F-16F7-4668-BE54-9A1E7A4F7556}") = "MasterChef.Infra.SqlServer", "src\MasterChef.Infra.SqlServer\MasterChef.Infra.SqlServer.csproj", "{31A46CCE-46CA-474F-BC8B-72DDD8F36126}"
EndProject
Project("{9A19103F-16F7-4668-BE54-9A1E7A4F7556}") = "MasterChef.UI", "src\MasterChef.UI\MasterChef.UI.csproj", "{908FCF3C-116A-4E16-9B73-BF27426B1A33}"
EndProject
Project("{9A19103F-16F7-4668-BE54-9A1E7A4F7556}") = "MasterChefe.Mobile", "src\MasterChefe.Mobile\MasterChefe.Mobile\MasterChefe.Mobile.csproj", "{00B3E5EE-BCF7-407E-ACCD-F8FD69FE7871}"
EndProject
Project("{FAE04EC0-301F-11D3-BF4B-00C04F79EFBC}") = "MasterChefe.Mobile.Android", "src\MasterChefe.Mobile\MasterChefe.Mobile.Android\MasterChefe.Mobile.Android.csproj", "{78A175B1-296C-4AE4-80D9-0B9C8F07E588}"
EndProject
Project("{FAE04EC0-301F-11D3-BF4B-00C04F79EFBC}") = "MasterChefe.Mobile.iOS", "src\MasterChefe.Mobile\MasterChefe.Mobile.iOS\MasterChefe.Mobile.iOS.csproj", "{56AD3564-B59E-437E-9523-9233AAD1A39A}"
EndProject
Global
	GlobalSection(SolutionConfigurationPlatforms) = preSolution
		Debug|Any CPU = Debug|Any CPU
		Debug|iPhone = Debug|iPhone
		Debug|iPhoneSimulator = Debug|iPhoneSimulator
		Release|Any CPU = Release|Any CPU
		Release|iPhone = Release|iPhone
		Release|iPhoneSimulator = Release|iPhoneSimulator
	EndGlobalSection
	GlobalSection(ProjectConfigurationPlatforms) = postSolution
		{7D3CCBCA-919A-4CDC-8F04-376DE69E313A}.Debug|Any CPU.ActiveCfg = Debug|Any CPU
		{7D3CCBCA-919A-4CDC-8F04-376DE69E313A}.Debug|Any CPU.Build.0 = Debug|Any CPU
		{7D3CCBCA-919A-4CDC-8F04-376DE69E313A}.Debug|iPhone.ActiveCfg = Debug|Any CPU
		{7D3CCBCA-919A-4CDC-8F04-376DE69E313A}.Debug|iPhone.Build.0 = Debug|Any CPU
		{7D3CCBCA-919A-4CDC-8F04-376DE69E313A}.Debug|iPhoneSimulator.ActiveCfg = Debug|Any CPU
		{7D3CCBCA-919A-4CDC-8F04-376DE69E313A}.Debug|iPhoneSimulator.Build.0 = Debug|Any CPU
		{7D3CCBCA-919A-4CDC-8F04-376DE69E313A}.Release|Any CPU.ActiveCfg = Release|Any CPU
		{7D3CCBCA-919A-4CDC-8F04-376DE69E313A}.Release|Any CPU.Build.0 = Release|Any CPU
		{7D3CCBCA-919A-4CDC-8F04-376DE69E313A}.Release|iPhone.ActiveCfg = Release|Any CPU
		{7D3CCBCA-919A-4CDC-8F04-376DE69E313A}.Release|iPhone.Build.0 = Release|Any CPU
		{7D3CCBCA-919A-4CDC-8F04-376DE69E313A}.Release|iPhoneSimulator.ActiveCfg = Release|Any CPU
		{7D3CCBCA-919A-4CDC-8F04-376DE69E313A}.Release|iPhoneSimulator.Build.0 = Release|Any CPU
		{904D500C-4ACF-43CF-87F5-B169DA1365F2}.Debug|Any CPU.ActiveCfg = Debug|Any CPU
		{904D500C-4ACF-43CF-87F5-B169DA1365F2}.Debug|Any CPU.Build.0 = Debug|Any CPU
		{904D500C-4ACF-43CF-87F5-B169DA1365F2}.Debug|iPhone.ActiveCfg = Debug|Any CPU
		{904D500C-4ACF-43CF-87F5-B169DA1365F2}.Debug|iPhone.Build.0 = Debug|Any CPU
		{904D500C-4ACF-43CF-87F5-B169DA1365F2}.Debug|iPhoneSimulator.ActiveCfg = Debug|Any CPU
		{904D500C-4ACF-43CF-87F5-B169DA1365F2}.Debug|iPhoneSimulator.Build.0 = Debug|Any CPU
		{904D500C-4ACF-43CF-87F5-B169DA1365F2}.Release|Any CPU.ActiveCfg = Release|Any CPU
		{904D500C-4ACF-43CF-87F5-B169DA1365F2}.Release|Any CPU.Build.0 = Release|Any CPU
		{904D500C-4ACF-43CF-87F5-B169DA1365F2}.Release|iPhone.ActiveCfg = Release|Any CPU
		{904D500C-4ACF-43CF-87F5-B169DA1365F2}.Release|iPhone.Build.0 = Release|Any CPU
		{904D500C-4ACF-43CF-87F5-B169DA1365F2}.Release|iPhoneSimulator.ActiveCfg = Release|Any CPU
		{904D500C-4ACF-43CF-87F5-B169DA1365F2}.Release|iPhoneSimulator.Build.0 = Release|Any CPU
		{AEDABD78-B33E-44A7-8E10-34D9C94731E2}.Debug|Any CPU.ActiveCfg = Debug|Any CPU
		{AEDABD78-B33E-44A7-8E10-34D9C94731E2}.Debug|Any CPU.Build.0 = Debug|Any CPU
		{AEDABD78-B33E-44A7-8E10-34D9C94731E2}.Debug|iPhone.ActiveCfg = Debug|Any CPU
		{AEDABD78-B33E-44A7-8E10-34D9C94731E2}.Debug|iPhone.Build.0 = Debug|Any CPU
		{AEDABD78-B33E-44A7-8E10-34D9C94731E2}.Debug|iPhoneSimulator.ActiveCfg = Debug|Any CPU
		{AEDABD78-B33E-44A7-8E10-34D9C94731E2}.Debug|iPhoneSimulator.Build.0 = Debug|Any CPU
		{AEDABD78-B33E-44A7-8E10-34D9C94731E2}.Release|Any CPU.ActiveCfg = Release|Any CPU
		{AEDABD78-B33E-44A7-8E10-34D9C94731E2}.Release|Any CPU.Build.0 = Release|Any CPU
		{AEDABD78-B33E-44A7-8E10-34D9C94731E2}.Release|iPhone.ActiveCfg = Release|Any CPU
		{AEDABD78-B33E-44A7-8E10-34D9C94731E2}.Release|iPhone.Build.0 = Release|Any CPU
		{AEDABD78-B33E-44A7-8E10-34D9C94731E2}.Release|iPhoneSimulator.ActiveCfg = Release|Any CPU
		{AEDABD78-B33E-44A7-8E10-34D9C94731E2}.Release|iPhoneSimulator.Build.0 = Release|Any CPU
		{AE4AF607-EB4D-4477-86DD-A2F88755F7BD}.Debug|Any CPU.ActiveCfg = Debug|Any CPU
		{AE4AF607-EB4D-4477-86DD-A2F88755F7BD}.Debug|Any CPU.Build.0 = Debug|Any CPU
		{AE4AF607-EB4D-4477-86DD-A2F88755F7BD}.Debug|iPhone.ActiveCfg = Debug|Any CPU
		{AE4AF607-EB4D-4477-86DD-A2F88755F7BD}.Debug|iPhone.Build.0 = Debug|Any CPU
		{AE4AF607-EB4D-4477-86DD-A2F88755F7BD}.Debug|iPhoneSimulator.ActiveCfg = Debug|Any CPU
		{AE4AF607-EB4D-4477-86DD-A2F88755F7BD}.Debug|iPhoneSimulator.Build.0 = Debug|Any CPU
		{AE4AF607-EB4D-4477-86DD-A2F88755F7BD}.Release|Any CPU.ActiveCfg = Release|Any CPU
		{AE4AF607-EB4D-4477-86DD-A2F88755F7BD}.Release|Any CPU.Build.0 = Release|Any CPU
		{AE4AF607-EB4D-4477-86DD-A2F88755F7BD}.Release|iPhone.ActiveCfg = Release|Any CPU
		{AE4AF607-EB4D-4477-86DD-A2F88755F7BD}.Release|iPhone.Build.0 = Release|Any CPU
		{AE4AF607-EB4D-4477-86DD-A2F88755F7BD}.Release|iPhoneSimulator.ActiveCfg = Release|Any CPU
		{AE4AF607-EB4D-4477-86DD-A2F88755F7BD}.Release|iPhoneSimulator.Build.0 = Release|Any CPU
		{99E524CB-AE47-4589-8D99-61DF324C7B3E}.Debug|Any CPU.ActiveCfg = Debug|Any CPU
		{99E524CB-AE47-4589-8D99-61DF324C7B3E}.Debug|Any CPU.Build.0 = Debug|Any CPU
		{99E524CB-AE47-4589-8D99-61DF324C7B3E}.Debug|iPhone.ActiveCfg = Debug|Any CPU
		{99E524CB-AE47-4589-8D99-61DF324C7B3E}.Debug|iPhone.Build.0 = Debug|Any CPU
		{99E524CB-AE47-4589-8D99-61DF324C7B3E}.Debug|iPhoneSimulator.ActiveCfg = Debug|Any CPU
		{99E524CB-AE47-4589-8D99-61DF324C7B3E}.Debug|iPhoneSimulator.Build.0 = Debug|Any CPU
		{99E524CB-AE47-4589-8D99-61DF324C7B3E}.Release|Any CPU.ActiveCfg = Release|Any CPU
		{99E524CB-AE47-4589-8D99-61DF324C7B3E}.Release|Any CPU.Build.0 = Release|Any CPU
		{99E524CB-AE47-4589-8D99-61DF324C7B3E}.Release|iPhone.ActiveCfg = Release|Any CPU
		{99E524CB-AE47-4589-8D99-61DF324C7B3E}.Release|iPhone.Build.0 = Release|Any CPU
		{99E524CB-AE47-4589-8D99-61DF324C7B3E}.Release|iPhoneSimulator.ActiveCfg = Release|Any CPU
		{99E524CB-AE47-4589-8D99-61DF324C7B3E}.Release|iPhoneSimulator.Build.0 = Release|Any CPU
		{B4FE0A20-C926-42DB-9AC2-50E5A9B5A823}.Debug|Any CPU.ActiveCfg = Debug|Any CPU
		{B4FE0A20-C926-42DB-9AC2-50E5A9B5A823}.Debug|Any CPU.Build.0 = Debug|Any CPU
		{B4FE0A20-C926-42DB-9AC2-50E5A9B5A823}.Debug|iPhone.ActiveCfg = Debug|Any CPU
		{B4FE0A20-C926-42DB-9AC2-50E5A9B5A823}.Debug|iPhone.Build.0 = Debug|Any CPU
		{B4FE0A20-C926-42DB-9AC2-50E5A9B5A823}.Debug|iPhoneSimulator.ActiveCfg = Debug|Any CPU
		{B4FE0A20-C926-42DB-9AC2-50E5A9B5A823}.Debug|iPhoneSimulator.Build.0 = Debug|Any CPU
		{B4FE0A20-C926-42DB-9AC2-50E5A9B5A823}.Release|Any CPU.ActiveCfg = Release|Any CPU
		{B4FE0A20-C926-42DB-9AC2-50E5A9B5A823}.Release|Any CPU.Build.0 = Release|Any CPU
		{B4FE0A20-C926-42DB-9AC2-50E5A9B5A823}.Release|iPhone.ActiveCfg = Release|Any CPU
		{B4FE0A20-C926-42DB-9AC2-50E5A9B5A823}.Release|iPhone.Build.0 = Release|Any CPU
		{B4FE0A20-C926-42DB-9AC2-50E5A9B5A823}.Release|iPhoneSimulator.ActiveCfg = Release|Any CPU
		{B4FE0A20-C926-42DB-9AC2-50E5A9B5A823}.Release|iPhoneSimulator.Build.0 = Release|Any CPU
		{31A46CCE-46CA-474F-BC8B-72DDD8F36126}.Debug|Any CPU.ActiveCfg = Debug|Any CPU
		{31A46CCE-46CA-474F-BC8B-72DDD8F36126}.Debug|Any CPU.Build.0 = Debug|Any CPU
		{31A46CCE-46CA-474F-BC8B-72DDD8F36126}.Debug|iPhone.ActiveCfg = Debug|Any CPU
		{31A46CCE-46CA-474F-BC8B-72DDD8F36126}.Debug|iPhone.Build.0 = Debug|Any CPU
		{31A46CCE-46CA-474F-BC8B-72DDD8F36126}.Debug|iPhoneSimulator.ActiveCfg = Debug|Any CPU
		{31A46CCE-46CA-474F-BC8B-72DDD8F36126}.Debug|iPhoneSimulator.Build.0 = Debug|Any CPU
		{31A46CCE-46CA-474F-BC8B-72DDD8F36126}.Release|Any CPU.ActiveCfg = Release|Any CPU
		{31A46CCE-46CA-474F-BC8B-72DDD8F36126}.Release|Any CPU.Build.0 = Release|Any CPU
		{31A46CCE-46CA-474F-BC8B-72DDD8F36126}.Release|iPhone.ActiveCfg = Release|Any CPU
		{31A46CCE-46CA-474F-BC8B-72DDD8F36126}.Release|iPhone.Build.0 = Release|Any CPU
		{31A46CCE-46CA-474F-BC8B-72DDD8F36126}.Release|iPhoneSimulator.ActiveCfg = Release|Any CPU
		{31A46CCE-46CA-474F-BC8B-72DDD8F36126}.Release|iPhoneSimulator.Build.0 = Release|Any CPU
		{908FCF3C-116A-4E16-9B73-BF27426B1A33}.Debug|Any CPU.ActiveCfg = Debug|Any CPU
		{908FCF3C-116A-4E16-9B73-BF27426B1A33}.Debug|Any CPU.Build.0 = Debug|Any CPU
		{908FCF3C-116A-4E16-9B73-BF27426B1A33}.Debug|iPhone.ActiveCfg = Debug|Any CPU
		{908FCF3C-116A-4E16-9B73-BF27426B1A33}.Debug|iPhone.Build.0 = Debug|Any CPU
		{908FCF3C-116A-4E16-9B73-BF27426B1A33}.Debug|iPhoneSimulator.ActiveCfg = Debug|Any CPU
		{908FCF3C-116A-4E16-9B73-BF27426B1A33}.Debug|iPhoneSimulator.Build.0 = Debug|Any CPU
		{908FCF3C-116A-4E16-9B73-BF27426B1A33}.Release|Any CPU.ActiveCfg = Release|Any CPU
		{908FCF3C-116A-4E16-9B73-BF27426B1A33}.Release|Any CPU.Build.0 = Release|Any CPU
		{908FCF3C-116A-4E16-9B73-BF27426B1A33}.Release|iPhone.ActiveCfg = Release|Any CPU
		{908FCF3C-116A-4E16-9B73-BF27426B1A33}.Release|iPhone.Build.0 = Release|Any CPU
		{908FCF3C-116A-4E16-9B73-BF27426B1A33}.Release|iPhoneSimulator.ActiveCfg = Release|Any CPU
		{908FCF3C-116A-4E16-9B73-BF27426B1A33}.Release|iPhoneSimulator.Build.0 = Release|Any CPU
		{00B3E5EE-BCF7-407E-ACCD-F8FD69FE7871}.Debug|Any CPU.ActiveCfg = Debug|Any CPU
		{00B3E5EE-BCF7-407E-ACCD-F8FD69FE7871}.Debug|Any CPU.Build.0 = Debug|Any CPU
		{00B3E5EE-BCF7-407E-ACCD-F8FD69FE7871}.Debug|iPhone.ActiveCfg = Debug|Any CPU
		{00B3E5EE-BCF7-407E-ACCD-F8FD69FE7871}.Debug|iPhone.Build.0 = Debug|Any CPU
		{00B3E5EE-BCF7-407E-ACCD-F8FD69FE7871}.Debug|iPhoneSimulator.ActiveCfg = Debug|Any CPU
		{00B3E5EE-BCF7-407E-ACCD-F8FD69FE7871}.Debug|iPhoneSimulator.Build.0 = Debug|Any CPU
		{00B3E5EE-BCF7-407E-ACCD-F8FD69FE7871}.Release|Any CPU.ActiveCfg = Release|Any CPU
		{00B3E5EE-BCF7-407E-ACCD-F8FD69FE7871}.Release|Any CPU.Build.0 = Release|Any CPU
		{00B3E5EE-BCF7-407E-ACCD-F8FD69FE7871}.Release|iPhone.ActiveCfg = Release|Any CPU
		{00B3E5EE-BCF7-407E-ACCD-F8FD69FE7871}.Release|iPhone.Build.0 = Release|Any CPU
		{00B3E5EE-BCF7-407E-ACCD-F8FD69FE7871}.Release|iPhoneSimulator.ActiveCfg = Release|Any CPU
		{00B3E5EE-BCF7-407E-ACCD-F8FD69FE7871}.Release|iPhoneSimulator.Build.0 = Release|Any CPU
		{78A175B1-296C-4AE4-80D9-0B9C8F07E588}.Debug|Any CPU.ActiveCfg = Debug|Any CPU
		{78A175B1-296C-4AE4-80D9-0B9C8F07E588}.Debug|Any CPU.Build.0 = Debug|Any CPU
		{78A175B1-296C-4AE4-80D9-0B9C8F07E588}.Debug|Any CPU.Deploy.0 = Debug|Any CPU
		{78A175B1-296C-4AE4-80D9-0B9C8F07E588}.Debug|iPhone.ActiveCfg = Debug|Any CPU
		{78A175B1-296C-4AE4-80D9-0B9C8F07E588}.Debug|iPhone.Build.0 = Debug|Any CPU
		{78A175B1-296C-4AE4-80D9-0B9C8F07E588}.Debug|iPhone.Deploy.0 = Debug|Any CPU
		{78A175B1-296C-4AE4-80D9-0B9C8F07E588}.Debug|iPhoneSimulator.ActiveCfg = Debug|Any CPU
		{78A175B1-296C-4AE4-80D9-0B9C8F07E588}.Debug|iPhoneSimulator.Build.0 = Debug|Any CPU
		{78A175B1-296C-4AE4-80D9-0B9C8F07E588}.Debug|iPhoneSimulator.Deploy.0 = Debug|Any CPU
		{78A175B1-296C-4AE4-80D9-0B9C8F07E588}.Release|Any CPU.ActiveCfg = Release|Any CPU
		{78A175B1-296C-4AE4-80D9-0B9C8F07E588}.Release|Any CPU.Build.0 = Release|Any CPU
		{78A175B1-296C-4AE4-80D9-0B9C8F07E588}.Release|Any CPU.Deploy.0 = Release|Any CPU
		{78A175B1-296C-4AE4-80D9-0B9C8F07E588}.Release|iPhone.ActiveCfg = Release|Any CPU
		{78A175B1-296C-4AE4-80D9-0B9C8F07E588}.Release|iPhone.Build.0 = Release|Any CPU
		{78A175B1-296C-4AE4-80D9-0B9C8F07E588}.Release|iPhone.Deploy.0 = Release|Any CPU
		{78A175B1-296C-4AE4-80D9-0B9C8F07E588}.Release|iPhoneSimulator.ActiveCfg = Release|Any CPU
		{78A175B1-296C-4AE4-80D9-0B9C8F07E588}.Release|iPhoneSimulator.Build.0 = Release|Any CPU
		{78A175B1-296C-4AE4-80D9-0B9C8F07E588}.Release|iPhoneSimulator.Deploy.0 = Release|Any CPU
		{56AD3564-B59E-437E-9523-9233AAD1A39A}.Debug|Any CPU.ActiveCfg = Debug|iPhoneSimulator
		{56AD3564-B59E-437E-9523-9233AAD1A39A}.Debug|Any CPU.Build.0 = Debug|iPhoneSimulator
		{56AD3564-B59E-437E-9523-9233AAD1A39A}.Debug|iPhone.ActiveCfg = Debug|iPhone
		{56AD3564-B59E-437E-9523-9233AAD1A39A}.Debug|iPhone.Build.0 = Debug|iPhone
		{56AD3564-B59E-437E-9523-9233AAD1A39A}.Debug|iPhoneSimulator.ActiveCfg = Debug|iPhoneSimulator
		{56AD3564-B59E-437E-9523-9233AAD1A39A}.Debug|iPhoneSimulator.Build.0 = Debug|iPhoneSimulator
		{56AD3564-B59E-437E-9523-9233AAD1A39A}.Release|Any CPU.ActiveCfg = Release|iPhoneSimulator
		{56AD3564-B59E-437E-9523-9233AAD1A39A}.Release|Any CPU.Build.0 = Release|iPhoneSimulator
		{56AD3564-B59E-437E-9523-9233AAD1A39A}.Release|iPhone.ActiveCfg = Release|iPhone
		{56AD3564-B59E-437E-9523-9233AAD1A39A}.Release|iPhone.Build.0 = Release|iPhone
		{56AD3564-B59E-437E-9523-9233AAD1A39A}.Release|iPhoneSimulator.ActiveCfg = Release|iPhoneSimulator
		{56AD3564-B59E-437E-9523-9233AAD1A39A}.Release|iPhoneSimulator.Build.0 = Release|iPhoneSimulator
	EndGlobalSection
	GlobalSection(SolutionProperties) = preSolution
		HideSolutionNode = FALSE
	EndGlobalSection
	GlobalSection(ExtensibilityGlobals) = postSolution
		SolutionGuid = {63E01BCC-753E-4EE9-B45A-148F6D79ECDB}
	EndGlobalSection
EndGlobal
